
Microsoft Visual Studio Solution File, Format Version 12.00
# Visual Studio Version 17
VisualStudioVersion = 17.10.34928.147
MinimumVisualStudioVersion = 10.0.40219.1
Project("{FAE04EC0-301F-11D3-BF4B-00C04F79EFBC}") = "BookManager", "BookManager\BookManager.csproj", "{4760D1AF-1FBF-4BB3-8AF0-88D89763CBA4}"
EndProject
Global
	GlobalSection(SolutionConfigurationPlatforms) = preSolution
		Debug|Any CPU = Debug|Any CPU
		Release|Any CPU = Release|Any CPU
	EndGlobalSection
	GlobalSection(ProjectConfigurationPlatforms) = postSolution
		{4760D1AF-1FBF-4BB3-8AF0-88D89763CBA4}.Debug|Any CPU.ActiveCfg = Debug|Any CPU
		{4760D1AF-1FBF-4BB3-8AF0-88D89763CBA4}.Debug|Any CPU.Build.0 = Debug|Any CPU
		{4760D1AF-1FBF-4BB3-8AF0-88D89763CBA4}.Release|Any CPU.ActiveCfg = Release|Any CPU
		{4760D1AF-1FBF-4BB3-8AF0-88D89763CBA4}.Release|Any CPU.Build.0 = Release|Any CPU
	EndGlobalSection
	GlobalSection(SolutionProperties) = preSolution
		HideSolutionNode = FALSE
	EndGlobalSection
	GlobalSection(ExtensibilityGlobals) = postSolution
		SolutionGuid = {C2812BC6-B22B-4E00-9AD1-F16789EC522B}
	EndGlobalSection
EndGlobal
